
Microsoft Visual Studio Solution File, Format Version 12.00
# Visual Studio 15
VisualStudioVersion = 15.0.27428.2015
MinimumVisualStudioVersion = 10.0.40219.1
Project("{9A19103F-16F7-4668-BE54-9A1E7A4F7556}") = "IdentityServerWithAspIdentity", "IdentityServerWithAspIdentity\IdentityServerWithAspIdentity.csproj", "{56DA0F97-0C7E-434A-AC43-473E7525B6B7}"
EndProject
Project("{FAE04EC0-301F-11D3-BF4B-00C04F79EFBC}") = "MvcClient", "..\project_euler(C#)\MvcClient\MvcClient.csproj", "{CDA15BA3-F43C-4223-9104-F5830F6B956B}"
EndProject
Project("{FAE04EC0-301F-11D3-BF4B-00C04F79EFBC}") = "ApiWithIdentity", "..\project_euler(C#)\ApiWithIdentity\ApiWithIdentity.csproj", "{9408D052-793A-4084-BE02-029A77BB6535}"
EndProject
Global
	GlobalSection(SolutionConfigurationPlatforms) = preSolution
		Debug|Any CPU = Debug|Any CPU
		Release|Any CPU = Release|Any CPU
	EndGlobalSection
	GlobalSection(ProjectConfigurationPlatforms) = postSolution
		{56DA0F97-0C7E-434A-AC43-473E7525B6B7}.Debug|Any CPU.ActiveCfg = Debug|Any CPU
		{56DA0F97-0C7E-434A-AC43-473E7525B6B7}.Debug|Any CPU.Build.0 = Debug|Any CPU
		{56DA0F97-0C7E-434A-AC43-473E7525B6B7}.Release|Any CPU.ActiveCfg = Release|Any CPU
		{56DA0F97-0C7E-434A-AC43-473E7525B6B7}.Release|Any CPU.Build.0 = Release|Any CPU
		{CDA15BA3-F43C-4223-9104-F5830F6B956B}.Debug|Any CPU.ActiveCfg = Debug|Any CPU
		{CDA15BA3-F43C-4223-9104-F5830F6B956B}.Debug|Any CPU.Build.0 = Debug|Any CPU
		{CDA15BA3-F43C-4223-9104-F5830F6B956B}.Release|Any CPU.ActiveCfg = Release|Any CPU
		{CDA15BA3-F43C-4223-9104-F5830F6B956B}.Release|Any CPU.Build.0 = Release|Any CPU
		{9408D052-793A-4084-BE02-029A77BB6535}.Debug|Any CPU.ActiveCfg = Debug|Any CPU
		{9408D052-793A-4084-BE02-029A77BB6535}.Debug|Any CPU.Build.0 = Debug|Any CPU
		{9408D052-793A-4084-BE02-029A77BB6535}.Release|Any CPU.ActiveCfg = Release|Any CPU
		{9408D052-793A-4084-BE02-029A77BB6535}.Release|Any CPU.Build.0 = Release|Any CPU
	EndGlobalSection
	GlobalSection(SolutionProperties) = preSolution
		HideSolutionNode = FALSE
	EndGlobalSection
	GlobalSection(ExtensibilityGlobals) = postSolution
		SolutionGuid = {9F5AEC50-0FE6-43F0-B7EC-846C05E99785}
	EndGlobalSection
EndGlobal
